// !$*UTF8*$!
{
	archiveVersion = 1;
	classes = {
	};
	objectVersion = 46;
	objects = {

/* Begin PBXBuildFile section */
		70BFB01B1AF2D4FF0081CDCF /* AppDelegate.swift in Sources */ = {isa = PBXBuildFile; fileRef = 70BFB01A1AF2D4FF0081CDCF /* AppDelegate.swift */; };
		70BFB01F1AF2D5090081CDCF /* ListTableViewController.swift in Sources */ = {isa = PBXBuildFile; fileRef = 70BFB01C1AF2D5090081CDCF /* ListTableViewController.swift */; };
		70BFB0201AF2D5090081CDCF /* SearchResultsTableViewController.swift in Sources */ = {isa = PBXBuildFile; fileRef = 70BFB01D1AF2D5090081CDCF /* SearchResultsTableViewController.swift */; };
		70BFB0211AF2D5090081CDCF /* SecondViewController.swift in Sources */ = {isa = PBXBuildFile; fileRef = 70BFB01E1AF2D5090081CDCF /* SecondViewController.swift */; };
		70BFB0231AF2D51E0081CDCF /* Info.plist in Resources */ = {isa = PBXBuildFile; fileRef = 70BFB0221AF2D51E0081CDCF /* Info.plist */; };
		70BFB0251AF2D5230081CDCF /* Images.xcassets in Resources */ = {isa = PBXBuildFile; fileRef = 70BFB0241AF2D5230081CDCF /* Images.xcassets */; };
		70BFB02A1AF2D5340081CDCF /* LaunchScreen.xib in Resources */ = {isa = PBXBuildFile; fileRef = 70BFB0261AF2D5340081CDCF /* LaunchScreen.xib */; };
		70BFB02B1AF2D5340081CDCF /* Main.storyboard in Resources */ = {isa = PBXBuildFile; fileRef = 70BFB0281AF2D5340081CDCF /* Main.storyboard */; };
/* End PBXBuildFile section */

/* Begin PBXFileReference section */
		70BFB01A1AF2D4FF0081CDCF /* AppDelegate.swift */ = {isa = PBXFileReference; fileEncoding = 4; lastKnownFileType = sourcecode.swift; name = AppDelegate.swift; path = TabAndSearchTest/AppDelegate.swift; sourceTree = SOURCE_ROOT; };
		70BFB01C1AF2D5090081CDCF /* ListTableViewController.swift */ = {isa = PBXFileReference; fileEncoding = 4; lastKnownFileType = sourcecode.swift; name = ListTableViewController.swift; path = TabAndSearchTest/ListTableViewController.swift; sourceTree = SOURCE_ROOT; };
		70BFB01D1AF2D5090081CDCF /* SearchResultsTableViewController.swift */ = {isa = PBXFileReference; fileEncoding = 4; lastKnownFileType = sourcecode.swift; name = SearchResultsTableViewController.swift; path = TabAndSearchTest/SearchResultsTableViewController.swift; sourceTree = SOURCE_ROOT; };
		70BFB01E1AF2D5090081CDCF /* SecondViewController.swift */ = {isa = PBXFileReference; fileEncoding = 4; lastKnownFileType = sourcecode.swift; name = SecondViewController.swift; path = TabAndSearchTest/SecondViewController.swift; sourceTree = SOURCE_ROOT; };
		70BFB0221AF2D51E0081CDCF /* Info.plist */ = {isa = PBXFileReference; fileEncoding = 4; lastKnownFileType = text.plist.xml; name = Info.plist; path = TabAndSearchTest/Info.plist; sourceTree = SOURCE_ROOT; };
		70BFB0241AF2D5230081CDCF /* Images.xcassets */ = {isa = PBXFileReference; lastKnownFileType = folder.assetcatalog; name = Images.xcassets; path = TabAndSearchTest/Images.xcassets; sourceTree = SOURCE_ROOT; };
		70BFB0271AF2D5340081CDCF /* Base */ = {isa = PBXFileReference; lastKnownFileType = file.xib; name = Base; path = TabAndSearchTest/Base.lproj/LaunchScreen.xib; sourceTree = SOURCE_ROOT; };
		70BFB0291AF2D5340081CDCF /* Base */ = {isa = PBXFileReference; lastKnownFileType = file.storyboard; name = Base; path = TabAndSearchTest/Base.lproj/Main.storyboard; sourceTree = SOURCE_ROOT; };
		70CB32521AF2B8C60097630B /* TabAndSearchTest.app */ = {isa = PBXFileReference; explicitFileType = wrapper.application; includeInIndex = 0; path = TabAndSearchTest.app; sourceTree = BUILT_PRODUCTS_DIR; };
/* End PBXFileReference section */

/* Begin PBXFrameworksBuildPhase section */
		70CB324F1AF2B8C60097630B /* Frameworks */ = {
			isa = PBXFrameworksBuildPhase;
			buildActionMask = 2147483647;
			files = (
			);
			runOnlyForDeploymentPostprocessing = 0;
		};
/* End PBXFrameworksBuildPhase section */

/* Begin PBXGroup section */
		70CB32491AF2B8C60097630B = {
			isa = PBXGroup;
			children = (
				70CB32541AF2B8C60097630B /* TabAndSearchTest */,
				70CB32531AF2B8C60097630B /* Products */,
			);
			sourceTree = "<group>";
		};
		70CB32531AF2B8C60097630B /* Products */ = {
			isa = PBXGroup;
			children = (
				70CB32521AF2B8C60097630B /* TabAndSearchTest.app */,
			);
			name = Products;
			sourceTree = "<group>";
		};
		70CB32541AF2B8C60097630B /* TabAndSearchTest */ = {
			isa = PBXGroup;
			children = (
				70BFB01A1AF2D4FF0081CDCF /* AppDelegate.swift */,
				70BFB01C1AF2D5090081CDCF /* ListTableViewController.swift */,
				70BFB01D1AF2D5090081CDCF /* SearchResultsTableViewController.swift */,
				70BFB01E1AF2D5090081CDCF /* SecondViewController.swift */,
				70BFB0241AF2D5230081CDCF /* Images.xcassets */,
				70BFB0261AF2D5340081CDCF /* LaunchScreen.xib */,
				70BFB0281AF2D5340081CDCF /* Main.storyboard */,
				70CB32551AF2B8C60097630B /* Supporting Files */,
			);
			name = TabAndSearchTest;
			path = TabAndSeachTest;
			sourceTree = "<group>";
		};
		70CB32551AF2B8C60097630B /* Supporting Files */ = {
			isa = PBXGroup;
			children = (
				70BFB0221AF2D51E0081CDCF /* Info.plist */,
			);
			name = "Supporting Files";
			sourceTree = "<group>";
		};
/* End PBXGroup section */

/* Begin PBXNativeTarget section */
		70CB32511AF2B8C60097630B /* TabAndSearchTest */ = {
			isa = PBXNativeTarget;
			buildConfigurationList = 70CB32731AF2B8C60097630B /* Build configuration list for PBXNativeTarget "TabAndSearchTest" */;
			buildPhases = (
				70CB324E1AF2B8C60097630B /* Sources */,
				70CB324F1AF2B8C60097630B /* Frameworks */,
				70CB32501AF2B8C60097630B /* Resources */,
			);
			buildRules = (
			);
			dependencies = (
			);
			name = TabAndSearchTest;
			productName = TabAndSeachTest;
			productReference = 70CB32521AF2B8C60097630B /* TabAndSearchTest.app */;
			productType = "com.apple.product-type.application";
		};
/* End PBXNativeTarget section */

/* Begin PBXProject section */
		70CB324A1AF2B8C60097630B /* Project object */ = {
			isa = PBXProject;
			attributes = {
				LastUpgradeCheck = 0630;
				ORGANIZATIONNAME = albertbori;
				TargetAttributes = {
					70CB32511AF2B8C60097630B = {
						CreatedOnToolsVersion = 6.3.1;
					};
				};
			};
			buildConfigurationList = 70CB324D1AF2B8C60097630B /* Build configuration list for PBXProject "TabAndSearchTest" */;
			compatibilityVersion = "Xcode 3.2";
			developmentRegion = English;
			hasScannedForEncodings = 0;
			knownRegions = (
				en,
				Base,
			);
			mainGroup = 70CB32491AF2B8C60097630B;
			productRefGroup = 70CB32531AF2B8C60097630B /* Products */;
			projectDirPath = "";
			projectRoot = "";
			targets = (
				70CB32511AF2B8C60097630B /* TabAndSearchTest */,
			);
		};
/* End PBXProject section */

/* Begin PBXResourcesBuildPhase section */
		70CB32501AF2B8C60097630B /* Resources */ = {
			isa = PBXResourcesBuildPhase;
			buildActionMask = 2147483647;
			files = (
				70BFB0231AF2D51E0081CDCF /* Info.plist in Resources */,
				70BFB02A1AF2D5340081CDCF /* LaunchScreen.xib in Resources */,
				70BFB0251AF2D5230081CDCF /* Images.xcassets in Resources */,
				70BFB02B1AF2D5340081CDCF /* Main.storyboard in Resources */,
			);
			runOnlyForDeploymentPostprocessing = 0;
		};
/* End PBXResourcesBuildPhase section */

/* Begin PBXSourcesBuildPhase section */
		70CB324E1AF2B8C60097630B /* Sources */ = {
			isa = PBXSourcesBuildPhase;
			buildActionMask = 2147483647;
			files = (
				70BFB0201AF2D5090081CDCF /* SearchResultsTableViewController.swift in Sources */,
				70BFB01B1AF2D4FF0081CDCF /* AppDelegate.swift in Sources */,
				70BFB0211AF2D5090081CDCF /* SecondViewController.swift in Sources */,
				70BFB01F1AF2D5090081CDCF /* ListTableViewController.swift in Sources */,
			);
			runOnlyForDeploymentPostprocessing = 0;
		};
/* End PBXSourcesBuildPhase section */

/* Begin PBXVariantGroup section */
		70BFB0261AF2D5340081CDCF /* LaunchScreen.xib */ = {
			isa = PBXVariantGroup;
			children = (
				70BFB0271AF2D5340081CDCF /* Base */,
			);
			name = LaunchScreen.xib;
			sourceTree = "<group>";
		};
		70BFB0281AF2D5340081CDCF /* Main.storyboard */ = {
			isa = PBXVariantGroup;
			children = (
				70BFB0291AF2D5340081CDCF /* Base */,
			);
			name = Main.storyboard;
			sourceTree = "<group>";
		};
/* End PBXVariantGroup section */

/* Begin XCBuildConfiguration section */
		70CB32711AF2B8C60097630B /* Debug */ = {
			isa = XCBuildConfiguration;
			buildSettings = {
				ALWAYS_SEARCH_USER_PATHS = NO;
				CLANG_CXX_LANGUAGE_STANDARD = "gnu++0x";
				CLANG_CXX_LIBRARY = "libc++";
				CLANG_ENABLE_MODULES = YES;
				CLANG_ENABLE_OBJC_ARC = YES;
				CLANG_WARN_BOOL_CONVERSION = YES;
				CLANG_WARN_CONSTANT_CONVERSION = YES;
				CLANG_WARN_DIRECT_OBJC_ISA_USAGE = YES_ERROR;
				CLANG_WARN_EMPTY_BODY = YES;
				CLANG_WARN_ENUM_CONVERSION = YES;
				CLANG_WARN_INT_CONVERSION = YES;
				CLANG_WARN_OBJC_ROOT_CLASS = YES_ERROR;
				CLANG_WARN_UNREACHABLE_CODE = YES;
				CLANG_WARN__DUPLICATE_METHOD_MATCH = YES;
				"CODE_SIGN_IDENTITY[sdk=iphoneos*]" = "iPhone Developer";
				COPY_PHASE_STRIP = NO;
				DEBUG_INFORMATION_FORMAT = "dwarf-with-dsym";
				ENABLE_STRICT_OBJC_MSGSEND = YES;
				GCC_C_LANGUAGE_STANDARD = gnu99;
				GCC_DYNAMIC_NO_PIC = NO;
				GCC_NO_COMMON_BLOCKS = YES;
				GCC_OPTIMIZATION_LEVEL = 0;
				GCC_PREPROCESSOR_DEFINITIONS = (
					"DEBUG=1",
					"$(inherited)",
				);
				GCC_SYMBOLS_PRIVATE_EXTERN = NO;
				GCC_WARN_64_TO_32_BIT_CONVERSION = YES;
				GCC_WARN_ABOUT_RETURN_TYPE = YES_ERROR;
				GCC_WARN_UNDECLARED_SELECTOR = YES;
				GCC_WARN_UNINITIALIZED_AUTOS = YES_AGGRESSIVE;
				GCC_WARN_UNUSED_FUNCTION = YES;
				GCC_WARN_UNUSED_VARIABLE = YES;
				IPHONEOS_DEPLOYMENT_TARGET = 8.3;
				MTL_ENABLE_DEBUG_INFO = YES;
				ONLY_ACTIVE_ARCH = YES;
				SDKROOT = iphoneos;
				SWIFT_OPTIMIZATION_LEVEL = "-Onone";
			};
			name = Debug;
		};
		70CB32721AF2B8C60097630B /* Release */ = {
			isa = XCBuildConfiguration;
			buildSettings = {
				ALWAYS_SEARCH_USER_PATHS = NO;
				CLANG_CXX_LANGUAGE_STANDARD = "gnu++0x";
				CLANG_CXX_LIBRARY = "libc++";
				CLANG_ENABLE_MODULES = YES;
				CLANG_ENABLE_OBJC_ARC = YES;
				CLANG_WARN_BOOL_CONVERSION = YES;
				CLANG_WARN_CONSTANT_CONVERSION = YES;
				CLANG_WARN_DIRECT_OBJC_ISA_USAGE = YES_ERROR;
				CLANG_WARN_EMPTY_BODY = YES;
				CLANG_WARN_ENUM_CONVERSION = YES;
				CLANG_WARN_INT_CONVERSION = YES;
				CLANG_WARN_OBJC_ROOT_CLASS = YES_ERROR;
				CLANG_WARN_UNREACHABLE_CODE = YES;
				CLANG_WARN__DUPLICATE_METHOD_MATCH = YES;
				"CODE_SIGN_IDENTITY[sdk=iphoneos*]" = "iPhone Developer";
				COPY_PHASE_STRIP = NO;
				DEBUG_INFORMATION_FORMAT = "dwarf-with-dsym";
				ENABLE_NS_ASSERTIONS = NO;
				ENABLE_STRICT_OBJC_MSGSEND = YES;
				GCC_C_LANGUAGE_STANDARD = gnu99;
				GCC_NO_COMMON_BLOCKS = YES;
				GCC_WARN_64_TO_32_BIT_CONVERSION = YES;
				GCC_WARN_ABOUT_RETURN_TYPE = YES_ERROR;
				GCC_WARN_UNDECLARED_SELECTOR = YES;
				GCC_WARN_UNINITIALIZED_AUTOS = YES_AGGRESSIVE;
				GCC_WARN_UNUSED_FUNCTION = YES;
				GCC_WARN_UNUSED_VARIABLE = YES;
				IPHONEOS_DEPLOYMENT_TARGET = 8.3;
				MTL_ENABLE_DEBUG_INFO = NO;
				SDKROOT = iphoneos;
				VALIDATE_PRODUCT = YES;
			};
			name = Release;
		};
		70CB32741AF2B8C60097630B /* Debug */ = {
			isa = XCBuildConfiguration;
			buildSettings = {
				ASSETCATALOG_COMPILER_APPICON_NAME = AppIcon;
				INFOPLIST_FILE = TabAndSearchTest/Info.plist;
				LD_RUNPATH_SEARCH_PATHS = "$(inherited) @executable_path/Frameworks";
				PRODUCT_NAME = TabAndSearchTest;
			};
			name = Debug;
		};
		70CB32751AF2B8C60097630B /* Release */ = {
			isa = XCBuildConfiguration;
			buildSettings = {
				ASSETCATALOG_COMPILER_APPICON_NAME = AppIcon;
				INFOPLIST_FILE = TabAndSearchTest/Info.plist;
				LD_RUNPATH_SEARCH_PATHS = "$(inherited) @executable_path/Frameworks";
				PRODUCT_NAME = TabAndSearchTest;
			};
			name = Release;
		};
/* End XCBuildConfiguration section */

/* Begin XCConfigurationList section */
		70CB324D1AF2B8C60097630B /* Build configuration list for PBXProject "TabAndSearchTest" */ = {
			isa = XCConfigurationList;
			buildConfigurations = (
				70CB32711AF2B8C60097630B /* Debug */,
				70CB32721AF2B8C60097630B /* Release */,
			);
			defaultConfigurationIsVisible = 0;
			defaultConfigurationName = Release;
		};
		70CB32731AF2B8C60097630B /* Build configuration list for PBXNativeTarget "TabAndSearchTest" */ = {
			isa = XCConfigurationList;
			buildConfigurations = (
				70CB32741AF2B8C60097630B /* Debug */,
				70CB32751AF2B8C60097630B /* Release */,
			);
			defaultConfigurationIsVisible = 0;
			defaultConfigurationName = Release;
		};
/* End XCConfigurationList section */
	};
	rootObject = 70CB324A1AF2B8C60097630B /* Project object */;
}
